
Microsoft Visual Studio Solution File, Format Version 12.00
# Visual Studio 14
VisualStudioVersion = 14.0.25420.1
MinimumVisualStudioVersion = 10.0.40219.1
Project("{FAE04EC0-301F-11D3-BF4B-00C04F79EFBC}") = "SmartHome.WEB", "SmartHome.WEB\SmartHome.WEB.csproj", "{68128B0B-8501-4D50-AB02-F566AC9D0CB4}"
EndProject
Project("{FAE04EC0-301F-11D3-BF4B-00C04F79EFBC}") = "SmartHome.DAL", "SmartHome.DAL\SmartHome.DAL.csproj", "{7021F187-1899-4838-940A-72077E5F65CE}"
EndProject
Project("{FAE04EC0-301F-11D3-BF4B-00C04F79EFBC}") = "SmartHome.BL", "SmartHome.BL\SmartHome.BL.csproj", "{8BB29608-3C84-45C9-A0B0-1D640E172657}"
EndProject
Project("{FAE04EC0-301F-11D3-BF4B-00C04F79EFBC}") = "SmartHome.Components", "SmartHome.Components\SmartHome.Components.csproj", "{C5A2957D-8E2E-4E0A-B5C1-B18E72B29B40}"
EndProject
Project("{FAE04EC0-301F-11D3-BF4B-00C04F79EFBC}") = "SmartHome.ConsoleTest", "SmartHome.ConsoleTest\SmartHome.ConsoleTest.csproj", "{19BFC755-5E73-444D-B2BD-421D7666A8EE}"
EndProject
Global
	GlobalSection(SolutionConfigurationPlatforms) = preSolution
		Debug|Any CPU = Debug|Any CPU
		Release|Any CPU = Release|Any CPU
	EndGlobalSection
	GlobalSection(ProjectConfigurationPlatforms) = postSolution
		{68128B0B-8501-4D50-AB02-F566AC9D0CB4}.Debug|Any CPU.ActiveCfg = Debug|Any CPU
		{68128B0B-8501-4D50-AB02-F566AC9D0CB4}.Debug|Any CPU.Build.0 = Debug|Any CPU
		{68128B0B-8501-4D50-AB02-F566AC9D0CB4}.Release|Any CPU.ActiveCfg = Release|Any CPU
		{68128B0B-8501-4D50-AB02-F566AC9D0CB4}.Release|Any CPU.Build.0 = Release|Any CPU
		{7021F187-1899-4838-940A-72077E5F65CE}.Debug|Any CPU.ActiveCfg = Debug|Any CPU
		{7021F187-1899-4838-940A-72077E5F65CE}.Debug|Any CPU.Build.0 = Debug|Any CPU
		{7021F187-1899-4838-940A-72077E5F65CE}.Release|Any CPU.ActiveCfg = Release|Any CPU
		{7021F187-1899-4838-940A-72077E5F65CE}.Release|Any CPU.Build.0 = Release|Any CPU
		{8BB29608-3C84-45C9-A0B0-1D640E172657}.Debug|Any CPU.ActiveCfg = Debug|Any CPU
		{8BB29608-3C84-45C9-A0B0-1D640E172657}.Debug|Any CPU.Build.0 = Debug|Any CPU
		{8BB29608-3C84-45C9-A0B0-1D640E172657}.Release|Any CPU.ActiveCfg = Release|Any CPU
		{8BB29608-3C84-45C9-A0B0-1D640E172657}.Release|Any CPU.Build.0 = Release|Any CPU
		{C5A2957D-8E2E-4E0A-B5C1-B18E72B29B40}.Debug|Any CPU.ActiveCfg = Debug|Any CPU
		{C5A2957D-8E2E-4E0A-B5C1-B18E72B29B40}.Debug|Any CPU.Build.0 = Debug|Any CPU
		{C5A2957D-8E2E-4E0A-B5C1-B18E72B29B40}.Release|Any CPU.ActiveCfg = Release|Any CPU
		{C5A2957D-8E2E-4E0A-B5C1-B18E72B29B40}.Release|Any CPU.Build.0 = Release|Any CPU
		{19BFC755-5E73-444D-B2BD-421D7666A8EE}.Debug|Any CPU.ActiveCfg = Debug|Any CPU
		{19BFC755-5E73-444D-B2BD-421D7666A8EE}.Debug|Any CPU.Build.0 = Debug|Any CPU
		{19BFC755-5E73-444D-B2BD-421D7666A8EE}.Release|Any CPU.ActiveCfg = Release|Any CPU
		{19BFC755-5E73-444D-B2BD-421D7666A8EE}.Release|Any CPU.Build.0 = Release|Any CPU
	EndGlobalSection
	GlobalSection(SolutionProperties) = preSolution
		HideSolutionNode = FALSE
	EndGlobalSection
EndGlobal
